{
  "pins" : [
    {
      "identity" : "sdwebimage",
      "kind" : "remoteSourceControl",
      "location" : "https://github.com/SDWebImage/SDWebImage.git",
      "state" : {
        "revision" : "69e573c01d04f5f1af0d2373ebfe251cfa5aa313",
        "version" : "5.18.9"
      }
    }
  ],
  "version" : 2
}
